
Microsoft Visual Studio Solution File, Format Version 12.00
# Visual Studio 15
VisualStudioVersion = 15.0.28010.2026
MinimumVisualStudioVersion = 10.0.40219.1
Project("{FAE04EC0-301F-11D3-BF4B-00C04F79EFBC}") = "ConsoleApp", "ConsoleApp\ConsoleApp.csproj", "{6DE2AB1F-B16C-4BE6-A6A6-8BF5E39AAFB6}"
EndProject
Project("{FAE04EC0-301F-11D3-BF4B-00C04F79EFBC}") = "ConsoleApp.Model", "ConsoleApp.Model\ConsoleApp.Model.csproj", "{ABA744BB-9EBE-4240-97BF-EAB27343F287}"
EndProject
Project("{FAE04EC0-301F-11D3-BF4B-00C04F79EFBC}") = "ConsoleApp.DAL", "ConsoleApp.DAL\ConsoleApp.DAL.csproj", "{7D70F194-03A4-4818-A472-45014E1CADC1}"
EndProject
Project("{FAE04EC0-301F-11D3-BF4B-00C04F79EFBC}") = "ConsoleApp.ViewModel", "ConsoleApp.ViewModel\ConsoleApp.ViewModel.csproj", "{8712A9E2-AC27-4FF9-B88E-72AC99558438}"
EndProject
Project("{FAE04EC0-301F-11D3-BF4B-00C04F79EFBC}") = "AppUI", "AppUI\AppUI.csproj", "{C1D110AD-8222-4FEB-BD67-7E765863B6AD}"
EndProject
Global
	GlobalSection(SolutionConfigurationPlatforms) = preSolution
		Debug|Any CPU = Debug|Any CPU
		Release|Any CPU = Release|Any CPU
	EndGlobalSection
	GlobalSection(ProjectConfigurationPlatforms) = postSolution
		{6DE2AB1F-B16C-4BE6-A6A6-8BF5E39AAFB6}.Debug|Any CPU.ActiveCfg = Debug|Any CPU
		{6DE2AB1F-B16C-4BE6-A6A6-8BF5E39AAFB6}.Debug|Any CPU.Build.0 = Debug|Any CPU
		{6DE2AB1F-B16C-4BE6-A6A6-8BF5E39AAFB6}.Release|Any CPU.ActiveCfg = Release|Any CPU
		{6DE2AB1F-B16C-4BE6-A6A6-8BF5E39AAFB6}.Release|Any CPU.Build.0 = Release|Any CPU
		{ABA744BB-9EBE-4240-97BF-EAB27343F287}.Debug|Any CPU.ActiveCfg = Debug|Any CPU
		{ABA744BB-9EBE-4240-97BF-EAB27343F287}.Debug|Any CPU.Build.0 = Debug|Any CPU
		{ABA744BB-9EBE-4240-97BF-EAB27343F287}.Release|Any CPU.ActiveCfg = Release|Any CPU
		{ABA744BB-9EBE-4240-97BF-EAB27343F287}.Release|Any CPU.Build.0 = Release|Any CPU
		{7D70F194-03A4-4818-A472-45014E1CADC1}.Debug|Any CPU.ActiveCfg = Debug|Any CPU
		{7D70F194-03A4-4818-A472-45014E1CADC1}.Debug|Any CPU.Build.0 = Debug|Any CPU
		{7D70F194-03A4-4818-A472-45014E1CADC1}.Release|Any CPU.ActiveCfg = Release|Any CPU
		{7D70F194-03A4-4818-A472-45014E1CADC1}.Release|Any CPU.Build.0 = Release|Any CPU
		{8712A9E2-AC27-4FF9-B88E-72AC99558438}.Debug|Any CPU.ActiveCfg = Debug|Any CPU
		{8712A9E2-AC27-4FF9-B88E-72AC99558438}.Debug|Any CPU.Build.0 = Debug|Any CPU
		{8712A9E2-AC27-4FF9-B88E-72AC99558438}.Release|Any CPU.ActiveCfg = Release|Any CPU
		{8712A9E2-AC27-4FF9-B88E-72AC99558438}.Release|Any CPU.Build.0 = Release|Any CPU
		{C1D110AD-8222-4FEB-BD67-7E765863B6AD}.Debug|Any CPU.ActiveCfg = Debug|Any CPU
		{C1D110AD-8222-4FEB-BD67-7E765863B6AD}.Debug|Any CPU.Build.0 = Debug|Any CPU
		{C1D110AD-8222-4FEB-BD67-7E765863B6AD}.Release|Any CPU.ActiveCfg = Release|Any CPU
		{C1D110AD-8222-4FEB-BD67-7E765863B6AD}.Release|Any CPU.Build.0 = Release|Any CPU
	EndGlobalSection
	GlobalSection(SolutionProperties) = preSolution
		HideSolutionNode = FALSE
	EndGlobalSection
	GlobalSection(ExtensibilityGlobals) = postSolution
		SolutionGuid = {BF50A817-74DF-4C79-BCC9-C58E6FFC22A1}
	EndGlobalSection
EndGlobal
